
Microsoft Visual Studio Solution File, Format Version 12.00
# Visual Studio Version 17
VisualStudioVersion = 17.9.34607.119
MinimumVisualStudioVersion = 10.0.40219.1
Project("{8BC9CEB8-8B4A-11D0-8D11-00A0C91BC942}") = "ParadigmaOOP2", "ParadigmaOOP2.vcxproj", "{0E2EAAB2-21DB-4D59-81AF-99271E8B7024}"
EndProject
Project("{8BC9CEB8-8B4A-11D0-8D11-00A0C91BC942}") = "noOverriding", "noOverriding\noOverriding.vcxproj", "{857F5B54-B633-4357-9D41-76C3234A32BA}"
EndProject
Project("{8BC9CEB8-8B4A-11D0-8D11-00A0C91BC942}") = "noPewarisan", "noPewarisan\noPewarisan.vcxproj", "{CFD1C56D-8D9B-4878-ADA9-2AFDA446EDE6}"
EndProject
Project("{8BC9CEB8-8B4A-11D0-8D11-00A0C91BC942}") = "enkapsulasi", "enkapsulasi\enkapsulasi.vcxproj", "{0671FE9D-92BF-4CE6-A8E1-737FD4D71B7B}"
EndProject
Project("{8BC9CEB8-8B4A-11D0-8D11-00A0C91BC942}") = "abstraksi", "abstraksi\abstraksi.vcxproj", "{E6CF30AA-2F19-46F9-B011-4F33586D9240}"
EndProject
Project("{8BC9CEB8-8B4A-11D0-8D11-00A0C91BC942}") = "abstraksiHeader", "abstraksiHeader\abstraksiHeader.vcxproj", "{49396433-E0BD-4D2E-ABBD-344735DA6B8C}"
EndProject
Project("{8BC9CEB8-8B4A-11D0-8D11-00A0C91BC942}") = "multiWaris", "multiWaris\multiWaris.vcxproj", "{5DC70F0B-2A09-4FE4-866B-673B350F6BEB}"
EndProject
Project("{8BC9CEB8-8B4A-11D0-8D11-00A0C91BC942}") = "solveMultiWaris", "solveMultiWaris\solveMultiWaris.vcxproj", "{FC03ADE0-FF96-4962-92DD-602A4D87D67C}"
EndProject
Global
	GlobalSection(SolutionConfigurationPlatforms) = preSolution
		Debug|x64 = Debug|x64
		Debug|x86 = Debug|x86
		Release|x64 = Release|x64
		Release|x86 = Release|x86
	EndGlobalSection
	GlobalSection(ProjectConfigurationPlatforms) = postSolution
		{0E2EAAB2-21DB-4D59-81AF-99271E8B7024}.Debug|x64.ActiveCfg = Debug|x64
		{0E2EAAB2-21DB-4D59-81AF-99271E8B7024}.Debug|x64.Build.0 = Debug|x64
		{0E2EAAB2-21DB-4D59-81AF-99271E8B7024}.Debug|x86.ActiveCfg = Debug|Win32
		{0E2EAAB2-21DB-4D59-81AF-99271E8B7024}.Debug|x86.Build.0 = Debug|Win32
		{0E2EAAB2-21DB-4D59-81AF-99271E8B7024}.Release|x64.ActiveCfg = Release|x64
		{0E2EAAB2-21DB-4D59-81AF-99271E8B7024}.Release|x64.Build.0 = Release|x64
		{0E2EAAB2-21DB-4D59-81AF-99271E8B7024}.Release|x86.ActiveCfg = Release|Win32
		{0E2EAAB2-21DB-4D59-81AF-99271E8B7024}.Release|x86.Build.0 = Release|Win32
		{857F5B54-B633-4357-9D41-76C3234A32BA}.Debug|x64.ActiveCfg = Debug|x64
		{857F5B54-B633-4357-9D41-76C3234A32BA}.Debug|x64.Build.0 = Debug|x64
		{857F5B54-B633-4357-9D41-76C3234A32BA}.Debug|x86.ActiveCfg = Debug|Win32
		{857F5B54-B633-4357-9D41-76C3234A32BA}.Debug|x86.Build.0 = Debug|Win32
		{857F5B54-B633-4357-9D41-76C3234A32BA}.Release|x64.ActiveCfg = Release|x64
		{857F5B54-B633-4357-9D41-76C3234A32BA}.Release|x64.Build.0 = Release|x64
		{857F5B54-B633-4357-9D41-76C3234A32BA}.Release|x86.ActiveCfg = Release|Win32
		{857F5B54-B633-4357-9D41-76C3234A32BA}.Release|x86.Build.0 = Release|Win32
		{CFD1C56D-8D9B-4878-ADA9-2AFDA446EDE6}.Debug|x64.ActiveCfg = Debug|x64
		{CFD1C56D-8D9B-4878-ADA9-2AFDA446EDE6}.Debug|x64.Build.0 = Debug|x64
		{CFD1C56D-8D9B-4878-ADA9-2AFDA446EDE6}.Debug|x86.ActiveCfg = Debug|Win32
		{CFD1C56D-8D9B-4878-ADA9-2AFDA446EDE6}.Debug|x86.Build.0 = Debug|Win32
		{CFD1C56D-8D9B-4878-ADA9-2AFDA446EDE6}.Release|x64.ActiveCfg = Release|x64
		{CFD1C56D-8D9B-4878-ADA9-2AFDA446EDE6}.Release|x64.Build.0 = Release|x64
		{CFD1C56D-8D9B-4878-ADA9-2AFDA446EDE6}.Release|x86.ActiveCfg = Release|Win32
		{CFD1C56D-8D9B-4878-ADA9-2AFDA446EDE6}.Release|x86.Build.0 = Release|Win32
		{0671FE9D-92BF-4CE6-A8E1-737FD4D71B7B}.Debug|x64.ActiveCfg = Debug|x64
		{0671FE9D-92BF-4CE6-A8E1-737FD4D71B7B}.Debug|x64.Build.0 = Debug|x64
		{0671FE9D-92BF-4CE6-A8E1-737FD4D71B7B}.Debug|x86.ActiveCfg = Debug|Win32
		{0671FE9D-92BF-4CE6-A8E1-737FD4D71B7B}.Debug|x86.Build.0 = Debug|Win32
		{0671FE9D-92BF-4CE6-A8E1-737FD4D71B7B}.Release|x64.ActiveCfg = Release|x64
		{0671FE9D-92BF-4CE6-A8E1-737FD4D71B7B}.Release|x64.Build.0 = Release|x64
		{0671FE9D-92BF-4CE6-A8E1-737FD4D71B7B}.Release|x86.ActiveCfg = Release|Win32
		{0671FE9D-92BF-4CE6-A8E1-737FD4D71B7B}.Release|x86.Build.0 = Release|Win32
		{E6CF30AA-2F19-46F9-B011-4F33586D9240}.Debug|x64.ActiveCfg = Debug|x64
		{E6CF30AA-2F19-46F9-B011-4F33586D9240}.Debug|x64.Build.0 = Debug|x64
		{E6CF30AA-2F19-46F9-B011-4F33586D9240}.Debug|x86.ActiveCfg = Debug|Win32
		{E6CF30AA-2F19-46F9-B011-4F33586D9240}.Debug|x86.Build.0 = Debug|Win32
		{E6CF30AA-2F19-46F9-B011-4F33586D9240}.Release|x64.ActiveCfg = Release|x64
		{E6CF30AA-2F19-46F9-B011-4F33586D9240}.Release|x64.Build.0 = Release|x64
		{E6CF30AA-2F19-46F9-B011-4F33586D9240}.Release|x86.ActiveCfg = Release|Win32
		{E6CF30AA-2F19-46F9-B011-4F33586D9240}.Release|x86.Build.0 = Release|Win32
		{49396433-E0BD-4D2E-ABBD-344735DA6B8C}.Debug|x64.ActiveCfg = Debug|x64
		{49396433-E0BD-4D2E-ABBD-344735DA6B8C}.Debug|x64.Build.0 = Debug|x64
		{49396433-E0BD-4D2E-ABBD-344735DA6B8C}.Debug|x86.ActiveCfg = Debug|Win32
		{49396433-E0BD-4D2E-ABBD-344735DA6B8C}.Debug|x86.Build.0 = Debug|Win32
		{49396433-E0BD-4D2E-ABBD-344735DA6B8C}.Release|x64.ActiveCfg = Release|x64
		{49396433-E0BD-4D2E-ABBD-344735DA6B8C}.Release|x64.Build.0 = Release|x64
		{49396433-E0BD-4D2E-ABBD-344735DA6B8C}.Release|x86.ActiveCfg = Release|Win32
		{49396433-E0BD-4D2E-ABBD-344735DA6B8C}.Release|x86.Build.0 = Release|Win32
		{5DC70F0B-2A09-4FE4-866B-673B350F6BEB}.Debug|x64.ActiveCfg = Debug|x64
		{5DC70F0B-2A09-4FE4-866B-673B350F6BEB}.Debug|x64.Build.0 = Debug|x64
		{5DC70F0B-2A09-4FE4-866B-673B350F6BEB}.Debug|x86.ActiveCfg = Debug|Win32
		{5DC70F0B-2A09-4FE4-866B-673B350F6BEB}.Debug|x86.Build.0 = Debug|Win32
		{5DC70F0B-2A09-4FE4-866B-673B350F6BEB}.Release|x64.ActiveCfg = Release|x64
		{5DC70F0B-2A09-4FE4-866B-673B350F6BEB}.Release|x64.Build.0 = Release|x64
		{5DC70F0B-2A09-4FE4-866B-673B350F6BEB}.Release|x86.ActiveCfg = Release|Win32
		{5DC70F0B-2A09-4FE4-866B-673B350F6BEB}.Release|x86.Build.0 = Release|Win32
		{FC03ADE0-FF96-4962-92DD-602A4D87D67C}.Debug|x64.ActiveCfg = Debug|x64
		{FC03ADE0-FF96-4962-92DD-602A4D87D67C}.Debug|x64.Build.0 = Debug|x64
		{FC03ADE0-FF96-4962-92DD-602A4D87D67C}.Debug|x86.ActiveCfg = Debug|Win32
		{FC03ADE0-FF96-4962-92DD-602A4D87D67C}.Debug|x86.Build.0 = Debug|Win32
		{FC03ADE0-FF96-4962-92DD-602A4D87D67C}.Release|x64.ActiveCfg = Release|x64
		{FC03ADE0-FF96-4962-92DD-602A4D87D67C}.Release|x64.Build.0 = Release|x64
		{FC03ADE0-FF96-4962-92DD-602A4D87D67C}.Release|x86.ActiveCfg = Release|Win32
		{FC03ADE0-FF96-4962-92DD-602A4D87D67C}.Release|x86.Build.0 = Release|Win32
	EndGlobalSection
	GlobalSection(SolutionProperties) = preSolution
		HideSolutionNode = FALSE
	EndGlobalSection
	GlobalSection(ExtensibilityGlobals) = postSolution
		SolutionGuid = {9E371D62-8C5C-40AA-88AA-63B3E5163EB9}
	EndGlobalSection
EndGlobal
